// !$*UTF8*$!
{
	archiveVersion = 1;
	classes = {
	};
	objectVersion = 55;
	objects = {

/* Begin PBXBuildFile section */
		05493F8C271FD62C00A4EBB3 /* Notes WatchKit App.app in Embed Watch Content */ = {isa = PBXBuildFile; fileRef = 05493F8B271FD62C00A4EBB3 /* Notes WatchKit App.app */; settings = {ATTRIBUTES = (RemoveHeadersOnCopy, ); }; };
		05493F91271FD63100A4EBB3 /* Assets.xcassets in Resources */ = {isa = PBXBuildFile; fileRef = 05493F90271FD63100A4EBB3 /* Assets.xcassets */; };
		05493F97271FD63200A4EBB3 /* Notes WatchKit Extension.appex in Embed App Extensions */ = {isa = PBXBuildFile; fileRef = 05493F96271FD63200A4EBB3 /* Notes WatchKit Extension.appex */; settings = {ATTRIBUTES = (RemoveHeadersOnCopy, ); }; };
		05493F9C271FD63200A4EBB3 /* ContentView.swift in Sources */ = {isa = PBXBuildFile; fileRef = 05493F9B271FD63200A4EBB3 /* ContentView.swift */; };
		05493F9E271FD63200A4EBB3 /* NotesApp.swift in Sources */ = {isa = PBXBuildFile; fileRef = 05493F9D271FD63200A4EBB3 /* NotesApp.swift */; };
		05493FA0271FD63200A4EBB3 /* ComplicationController.swift in Sources */ = {isa = PBXBuildFile; fileRef = 05493F9F271FD63200A4EBB3 /* ComplicationController.swift */; };
		05493FA2271FD63500A4EBB3 /* Assets.xcassets in Resources */ = {isa = PBXBuildFile; fileRef = 05493FA1271FD63500A4EBB3 /* Assets.xcassets */; };
		05493FA5271FD63500A4EBB3 /* Preview Assets.xcassets in Resources */ = {isa = PBXBuildFile; fileRef = 05493FA4271FD63500A4EBB3 /* Preview Assets.xcassets */; };
		05493FB7271FD7FC00A4EBB3 /* Note.swift in Sources */ = {isa = PBXBuildFile; fileRef = 05493FB6271FD7FC00A4EBB3 /* Note.swift */; };
		05493FB9271FEE5B00A4EBB3 /* DetailView.swift in Sources */ = {isa = PBXBuildFile; fileRef = 05493FB8271FEE5B00A4EBB3 /* DetailView.swift */; };
		05493FBB271FF33800A4EBB3 /* CreditView.swift in Sources */ = {isa = PBXBuildFile; fileRef = 05493FBA271FF33800A4EBB3 /* CreditView.swift */; };
		05493FBE271FF3A400A4EBB3 /* HeaderView.swift in Sources */ = {isa = PBXBuildFile; fileRef = 05493FBD271FF3A400A4EBB3 /* HeaderView.swift */; };
		05493FC0271FFAD400A4EBB3 /* SettingView.swift in Sources */ = {isa = PBXBuildFile; fileRef = 05493FBF271FFAD400A4EBB3 /* SettingView.swift */; };
/* End PBXBuildFile section */

/* Begin PBXContainerItemProxy section */
		05493F8D271FD62C00A4EBB3 /* PBXContainerItemProxy */ = {
			isa = PBXContainerItemProxy;
			containerPortal = 05493F81271FD62B00A4EBB3 /* Project object */;
			proxyType = 1;
			remoteGlobalIDString = 05493F8A271FD62C00A4EBB3;
			remoteInfo = "Notes WatchKit App";
		};
		05493F98271FD63200A4EBB3 /* PBXContainerItemProxy */ = {
			isa = PBXContainerItemProxy;
			containerPortal = 05493F81271FD62B00A4EBB3 /* Project object */;
			proxyType = 1;
			remoteGlobalIDString = 05493F95271FD63200A4EBB3;
			remoteInfo = "Notes WatchKit Extension";
		};
/* End PBXContainerItemProxy section */

/* Begin PBXCopyFilesBuildPhase section */
		05493FAC271FD63500A4EBB3 /* Embed App Extensions */ = {
			isa = PBXCopyFilesBuildPhase;
			buildActionMask = 2147483647;
			dstPath = "";
			dstSubfolderSpec = 13;
			files = (
				05493F97271FD63200A4EBB3 /* Notes WatchKit Extension.appex in Embed App Extensions */,
			);
			name = "Embed App Extensions";
			runOnlyForDeploymentPostprocessing = 0;
		};
		05493FB0271FD63500A4EBB3 /* Embed Watch Content */ = {
			isa = PBXCopyFilesBuildPhase;
			buildActionMask = 2147483647;
			dstPath = "$(CONTENTS_FOLDER_PATH)/Watch";
			dstSubfolderSpec = 16;
			files = (
				05493F8C271FD62C00A4EBB3 /* Notes WatchKit App.app in Embed Watch Content */,
			);
			name = "Embed Watch Content";
			runOnlyForDeploymentPostprocessing = 0;
		};
/* End PBXCopyFilesBuildPhase section */

/* Begin PBXFileReference section */
		05493F87271FD62B00A4EBB3 /* Notes.app */ = {isa = PBXFileReference; explicitFileType = wrapper.application; includeInIndex = 0; path = Notes.app; sourceTree = BUILT_PRODUCTS_DIR; };
		05493F8B271FD62C00A4EBB3 /* Notes WatchKit App.app */ = {isa = PBXFileReference; explicitFileType = wrapper.application; includeInIndex = 0; path = "Notes WatchKit App.app"; sourceTree = BUILT_PRODUCTS_DIR; };
		05493F90271FD63100A4EBB3 /* Assets.xcassets */ = {isa = PBXFileReference; lastKnownFileType = folder.assetcatalog; path = Assets.xcassets; sourceTree = "<group>"; };
		05493F96271FD63200A4EBB3 /* Notes WatchKit Extension.appex */ = {isa = PBXFileReference; explicitFileType = "wrapper.app-extension"; includeInIndex = 0; path = "Notes WatchKit Extension.appex"; sourceTree = BUILT_PRODUCTS_DIR; };
		05493F9B271FD63200A4EBB3 /* ContentView.swift */ = {isa = PBXFileReference; lastKnownFileType = sourcecode.swift; path = ContentView.swift; sourceTree = "<group>"; };
		05493F9D271FD63200A4EBB3 /* NotesApp.swift */ = {isa = PBXFileReference; lastKnownFileType = sourcecode.swift; path = NotesApp.swift; sourceTree = "<group>"; };
		05493F9F271FD63200A4EBB3 /* ComplicationController.swift */ = {isa = PBXFileReference; lastKnownFileType = sourcecode.swift; path = ComplicationController.swift; sourceTree = "<group>"; };
		05493FA1271FD63500A4EBB3 /* Assets.xcassets */ = {isa = PBXFileReference; lastKnownFileType = folder.assetcatalog; path = Assets.xcassets; sourceTree = "<group>"; };
		05493FA4271FD63500A4EBB3 /* Preview Assets.xcassets */ = {isa = PBXFileReference; lastKnownFileType = folder.assetcatalog; path = "Preview Assets.xcassets"; sourceTree = "<group>"; };
		05493FA6271FD63500A4EBB3 /* Info.plist */ = {isa = PBXFileReference; lastKnownFileType = text.plist.xml; path = Info.plist; sourceTree = "<group>"; };
		05493FB6271FD7FC00A4EBB3 /* Note.swift */ = {isa = PBXFileReference; lastKnownFileType = sourcecode.swift; path = Note.swift; sourceTree = "<group>"; };
		05493FB8271FEE5B00A4EBB3 /* DetailView.swift */ = {isa = PBXFileReference; lastKnownFileType = sourcecode.swift; path = DetailView.swift; sourceTree = "<group>"; };
		05493FBA271FF33800A4EBB3 /* CreditView.swift */ = {isa = PBXFileReference; lastKnownFileType = sourcecode.swift; path = CreditView.swift; sourceTree = "<group>"; };
		05493FBD271FF3A400A4EBB3 /* HeaderView.swift */ = {isa = PBXFileReference; lastKnownFileType = sourcecode.swift; path = HeaderView.swift; sourceTree = "<group>"; };
		05493FBF271FFAD400A4EBB3 /* SettingView.swift */ = {isa = PBXFileReference; lastKnownFileType = sourcecode.swift; path = SettingView.swift; sourceTree = "<group>"; };
/* End PBXFileReference section */

/* Begin PBXFrameworksBuildPhase section */
		05493F93271FD63200A4EBB3 /* Frameworks */ = {
			isa = PBXFrameworksBuildPhase;
			buildActionMask = 2147483647;
			files = (
			);
			runOnlyForDeploymentPostprocessing = 0;
		};
/* End PBXFrameworksBuildPhase section */

/* Begin PBXGroup section */
		05493F80271FD62B00A4EBB3 = {
			isa = PBXGroup;
			children = (
				05493F8F271FD62C00A4EBB3 /* Notes WatchKit App */,
				05493F9A271FD63200A4EBB3 /* Notes WatchKit Extension */,
				05493F88271FD62B00A4EBB3 /* Products */,
			);
			sourceTree = "<group>";
		};
		05493F88271FD62B00A4EBB3 /* Products */ = {
			isa = PBXGroup;
			children = (
				05493F87271FD62B00A4EBB3 /* Notes.app */,
				05493F8B271FD62C00A4EBB3 /* Notes WatchKit App.app */,
				05493F96271FD63200A4EBB3 /* Notes WatchKit Extension.appex */,
			);
			name = Products;
			sourceTree = "<group>";
		};
		05493F8F271FD62C00A4EBB3 /* Notes WatchKit App */ = {
			isa = PBXGroup;
			children = (
				05493F90271FD63100A4EBB3 /* Assets.xcassets */,
			);
			path = "Notes WatchKit App";
			sourceTree = "<group>";
		};
		05493F9A271FD63200A4EBB3 /* Notes WatchKit Extension */ = {
			isa = PBXGroup;
			children = (
				05493FBC271FF38B00A4EBB3 /* Component */,
				05493FB5271FD7DF00A4EBB3 /* Model */,
				05493FB4271FD7CF00A4EBB3 /* View */,
				05493F9D271FD63200A4EBB3 /* NotesApp.swift */,
				05493F9F271FD63200A4EBB3 /* ComplicationController.swift */,
				05493FA1271FD63500A4EBB3 /* Assets.xcassets */,
				05493FA6271FD63500A4EBB3 /* Info.plist */,
				05493FA3271FD63500A4EBB3 /* Preview Content */,
			);
			path = "Notes WatchKit Extension";
			sourceTree = "<group>";
		};
		05493FA3271FD63500A4EBB3 /* Preview Content */ = {
			isa = PBXGroup;
			children = (
				05493FA4271FD63500A4EBB3 /* Preview Assets.xcassets */,
			);
			path = "Preview Content";
			sourceTree = "<group>";
		};
		05493FB4271FD7CF00A4EBB3 /* View */ = {
			isa = PBXGroup;
			children = (
				05493F9B271FD63200A4EBB3 /* ContentView.swift */,
				05493FB8271FEE5B00A4EBB3 /* DetailView.swift */,
				05493FBA271FF33800A4EBB3 /* CreditView.swift */,
				05493FBF271FFAD400A4EBB3 /* SettingView.swift */,
			);
			path = View;
			sourceTree = "<group>";
		};
		05493FB5271FD7DF00A4EBB3 /* Model */ = {
			isa = PBXGroup;
			children = (
				05493FB6271FD7FC00A4EBB3 /* Note.swift */,
			);
			path = Model;
			sourceTree = "<group>";
		};
		05493FBC271FF38B00A4EBB3 /* Component */ = {
			isa = PBXGroup;
			children = (
				05493FBD271FF3A400A4EBB3 /* HeaderView.swift */,
			);
			path = Component;
			sourceTree = "<group>";
		};
/* End PBXGroup section */

/* Begin PBXNativeTarget section */
		05493F86271FD62B00A4EBB3 /* Notes */ = {
			isa = PBXNativeTarget;
			buildConfigurationList = 05493FB1271FD63500A4EBB3 /* Build configuration list for PBXNativeTarget "Notes" */;
			buildPhases = (
				05493F85271FD62B00A4EBB3 /* Resources */,
				05493FB0271FD63500A4EBB3 /* Embed Watch Content */,
			);
			buildRules = (
			);
			dependencies = (
				05493F8E271FD62C00A4EBB3 /* PBXTargetDependency */,
			);
			name = Notes;
			productName = Notes;
			productReference = 05493F87271FD62B00A4EBB3 /* Notes.app */;
			productType = "com.apple.product-type.application.watchapp2-container";
		};
		05493F8A271FD62C00A4EBB3 /* Notes WatchKit App */ = {
			isa = PBXNativeTarget;
			buildConfigurationList = 05493FAD271FD63500A4EBB3 /* Build configuration list for PBXNativeTarget "Notes WatchKit App" */;
			buildPhases = (
				05493F89271FD62C00A4EBB3 /* Resources */,
				05493FAC271FD63500A4EBB3 /* Embed App Extensions */,
			);
			buildRules = (
			);
			dependencies = (
				05493F99271FD63200A4EBB3 /* PBXTargetDependency */,
			);
			name = "Notes WatchKit App";
			productName = "Notes WatchKit App";
			productReference = 05493F8B271FD62C00A4EBB3 /* Notes WatchKit App.app */;
			productType = "com.apple.product-type.application.watchapp2";
		};
		05493F95271FD63200A4EBB3 /* Notes WatchKit Extension */ = {
			isa = PBXNativeTarget;
			buildConfigurationList = 05493FA9271FD63500A4EBB3 /* Build configuration list for PBXNativeTarget "Notes WatchKit Extension" */;
			buildPhases = (
				05493F92271FD63200A4EBB3 /* Sources */,
				05493F93271FD63200A4EBB3 /* Frameworks */,
				05493F94271FD63200A4EBB3 /* Resources */,
			);
			buildRules = (
			);
			dependencies = (
			);
			name = "Notes WatchKit Extension";
			productName = "Notes WatchKit Extension";
			productReference = 05493F96271FD63200A4EBB3 /* Notes WatchKit Extension.appex */;
			productType = "com.apple.product-type.watchkit2-extension";
		};
/* End PBXNativeTarget section */

/* Begin PBXProject section */
		05493F81271FD62B00A4EBB3 /* Project object */ = {
			isa = PBXProject;
			attributes = {
				BuildIndependentTargetsInParallel = 1;
				LastSwiftUpdateCheck = 1300;
				LastUpgradeCheck = 1300;
				TargetAttributes = {
					05493F86271FD62B00A4EBB3 = {
						CreatedOnToolsVersion = 13.0;
					};
					05493F8A271FD62C00A4EBB3 = {
						CreatedOnToolsVersion = 13.0;
					};
					05493F95271FD63200A4EBB3 = {
						CreatedOnToolsVersion = 13.0;
					};
				};
			};
			buildConfigurationList = 05493F84271FD62B00A4EBB3 /* Build configuration list for PBXProject "Notes" */;
			compatibilityVersion = "Xcode 13.0";
			developmentRegion = en;
			hasScannedForEncodings = 0;
			knownRegions = (
				en,
				Base,
			);
			mainGroup = 05493F80271FD62B00A4EBB3;
			productRefGroup = 05493F88271FD62B00A4EBB3 /* Products */;
			projectDirPath = "";
			projectRoot = "";
			targets = (
				05493F86271FD62B00A4EBB3 /* Notes */,
				05493F8A271FD62C00A4EBB3 /* Notes WatchKit App */,
				05493F95271FD63200A4EBB3 /* Notes WatchKit Extension */,
			);
		};
/* End PBXProject section */

/* Begin PBXResourcesBuildPhase section */
		05493F85271FD62B00A4EBB3 /* Resources */ = {
			isa = PBXResourcesBuildPhase;
			buildActionMask = 2147483647;
			files = (
			);
			runOnlyForDeploymentPostprocessing = 0;
		};
		05493F89271FD62C00A4EBB3 /* Resources */ = {
			isa = PBXResourcesBuildPhase;
			buildActionMask = 2147483647;
			files = (
				05493F91271FD63100A4EBB3 /* Assets.xcassets in Resources */,
			);
			runOnlyForDeploymentPostprocessing = 0;
		};
		05493F94271FD63200A4EBB3 /* Resources */ = {
			isa = PBXResourcesBuildPhase;
			buildActionMask = 2147483647;
			files = (
				05493FA5271FD63500A4EBB3 /* Preview Assets.xcassets in Resources */,
				05493FA2271FD63500A4EBB3 /* Assets.xcassets in Resources */,
			);
			runOnlyForDeploymentPostprocessing = 0;
		};
/* End PBXResourcesBuildPhase section */

/* Begin PBXSourcesBuildPhase section */
		05493F92271FD63200A4EBB3 /* Sources */ = {
			isa = PBXSourcesBuildPhase;
			buildActionMask = 2147483647;
			files = (
				05493F9C271FD63200A4EBB3 /* ContentView.swift in Sources */,
				05493FBB271FF33800A4EBB3 /* CreditView.swift in Sources */,
				05493F9E271FD63200A4EBB3 /* NotesApp.swift in Sources */,
				05493FA0271FD63200A4EBB3 /* ComplicationController.swift in Sources */,
				05493FB9271FEE5B00A4EBB3 /* DetailView.swift in Sources */,
				05493FC0271FFAD400A4EBB3 /* SettingView.swift in Sources */,
				05493FB7271FD7FC00A4EBB3 /* Note.swift in Sources */,
				05493FBE271FF3A400A4EBB3 /* HeaderView.swift in Sources */,
			);
			runOnlyForDeploymentPostprocessing = 0;
		};
/* End PBXSourcesBuildPhase section */

/* Begin PBXTargetDependency section */
		05493F8E271FD62C00A4EBB3 /* PBXTargetDependency */ = {
			isa = PBXTargetDependency;
			target = 05493F8A271FD62C00A4EBB3 /* Notes WatchKit App */;
			targetProxy = 05493F8D271FD62C00A4EBB3 /* PBXContainerItemProxy */;
		};
		05493F99271FD63200A4EBB3 /* PBXTargetDependency */ = {
			isa = PBXTargetDependency;
			target = 05493F95271FD63200A4EBB3 /* Notes WatchKit Extension */;
			targetProxy = 05493F98271FD63200A4EBB3 /* PBXContainerItemProxy */;
		};
/* End PBXTargetDependency section */

/* Begin XCBuildConfiguration section */
		05493FA7271FD63500A4EBB3 /* Debug */ = {
			isa = XCBuildConfiguration;
			buildSettings = {
				ALWAYS_SEARCH_USER_PATHS = NO;
				CLANG_ANALYZER_NONNULL = YES;
				CLANG_ANALYZER_NUMBER_OBJECT_CONVERSION = YES_AGGRESSIVE;
				CLANG_CXX_LANGUAGE_STANDARD = "gnu++17";
				CLANG_CXX_LIBRARY = "libc++";
				CLANG_ENABLE_MODULES = YES;
				CLANG_ENABLE_OBJC_ARC = YES;
				CLANG_ENABLE_OBJC_WEAK = YES;
				CLANG_WARN_BLOCK_CAPTURE_AUTORELEASING = YES;
				CLANG_WARN_BOOL_CONVERSION = YES;
				CLANG_WARN_COMMA = YES;
				CLANG_WARN_CONSTANT_CONVERSION = YES;
				CLANG_WARN_DEPRECATED_OBJC_IMPLEMENTATIONS = YES;
				CLANG_WARN_DIRECT_OBJC_ISA_USAGE = YES_ERROR;
				CLANG_WARN_DOCUMENTATION_COMMENTS = YES;
				CLANG_WARN_EMPTY_BODY = YES;
				CLANG_WARN_ENUM_CONVERSION = YES;
				CLANG_WARN_INFINITE_RECURSION = YES;
				CLANG_WARN_INT_CONVERSION = YES;
				CLANG_WARN_NON_LITERAL_NULL_CONVERSION = YES;
				CLANG_WARN_OBJC_IMPLICIT_RETAIN_SELF = YES;
				CLANG_WARN_OBJC_LITERAL_CONVERSION = YES;
				CLANG_WARN_OBJC_ROOT_CLASS = YES_ERROR;
				CLANG_WARN_QUOTED_INCLUDE_IN_FRAMEWORK_HEADER = YES;
				CLANG_WARN_RANGE_LOOP_ANALYSIS = YES;
				CLANG_WARN_STRICT_PROTOTYPES = YES;
				CLANG_WARN_SUSPICIOUS_MOVE = YES;
				CLANG_WARN_UNGUARDED_AVAILABILITY = YES_AGGRESSIVE;
				CLANG_WARN_UNREACHABLE_CODE = YES;
				CLANG_WARN__DUPLICATE_METHOD_MATCH = YES;
				COPY_PHASE_STRIP = NO;
				DEBUG_INFORMATION_FORMAT = dwarf;
				ENABLE_STRICT_OBJC_MSGSEND = YES;
				ENABLE_TESTABILITY = YES;
				GCC_C_LANGUAGE_STANDARD = gnu11;
				GCC_DYNAMIC_NO_PIC = NO;
				GCC_NO_COMMON_BLOCKS = YES;
				GCC_OPTIMIZATION_LEVEL = 0;
				GCC_PREPROCESSOR_DEFINITIONS = (
					"DEBUG=1",
					"$(inherited)",
				);
				GCC_WARN_64_TO_32_BIT_CONVERSION = YES;
				GCC_WARN_ABOUT_RETURN_TYPE = YES_ERROR;
				GCC_WARN_UNDECLARED_SELECTOR = YES;
				GCC_WARN_UNINITIALIZED_AUTOS = YES_AGGRESSIVE;
				GCC_WARN_UNUSED_FUNCTION = YES;
				GCC_WARN_UNUSED_VARIABLE = YES;
				MTL_ENABLE_DEBUG_INFO = INCLUDE_SOURCE;
				MTL_FAST_MATH = YES;
				ONLY_ACTIVE_ARCH = YES;
				SDKROOT = iphoneos;
				SWIFT_ACTIVE_COMPILATION_CONDITIONS = DEBUG;
				SWIFT_OPTIMIZATION_LEVEL = "-Onone";
			};
			name = Debug;
		};
		05493FA8271FD63500A4EBB3 /* Release */ = {
			isa = XCBuildConfiguration;
			buildSettings = {
				ALWAYS_SEARCH_USER_PATHS = NO;
				CLANG_ANALYZER_NONNULL = YES;
				CLANG_ANALYZER_NUMBER_OBJECT_CONVERSION = YES_AGGRESSIVE;
				CLANG_CXX_LANGUAGE_STANDARD = "gnu++17";
				CLANG_CXX_LIBRARY = "libc++";
				CLANG_ENABLE_MODULES = YES;
				CLANG_ENABLE_OBJC_ARC = YES;
				CLANG_ENABLE_OBJC_WEAK = YES;
				CLANG_WARN_BLOCK_CAPTURE_AUTORELEASING = YES;
				CLANG_WARN_BOOL_CONVERSION = YES;
				CLANG_WARN_COMMA = YES;
				CLANG_WARN_CONSTANT_CONVERSION = YES;
				CLANG_WARN_DEPRECATED_OBJC_IMPLEMENTATIONS = YES;
				CLANG_WARN_DIRECT_OBJC_ISA_USAGE = YES_ERROR;
				CLANG_WARN_DOCUMENTATION_COMMENTS = YES;
				CLANG_WARN_EMPTY_BODY = YES;
				CLANG_WARN_ENUM_CONVERSION = YES;
				CLANG_WARN_INFINITE_RECURSION = YES;
				CLANG_WARN_INT_CONVERSION = YES;
				CLANG_WARN_NON_LITERAL_NULL_CONVERSION = YES;
				CLANG_WARN_OBJC_IMPLICIT_RETAIN_SELF = YES;
				CLANG_WARN_OBJC_LITERAL_CONVERSION = YES;
				CLANG_WARN_OBJC_ROOT_CLASS = YES_ERROR;
				CLANG_WARN_QUOTED_INCLUDE_IN_FRAMEWORK_HEADER = YES;
				CLANG_WARN_RANGE_LOOP_ANALYSIS = YES;
				CLANG_WARN_STRICT_PROTOTYPES = YES;
				CLANG_WARN_SUSPICIOUS_MOVE = YES;
				CLANG_WARN_UNGUARDED_AVAILABILITY = YES_AGGRESSIVE;
				CLANG_WARN_UNREACHABLE_CODE = YES;
				CLANG_WARN__DUPLICATE_METHOD_MATCH = YES;
				COPY_PHASE_STRIP = NO;
				DEBUG_INFORMATION_FORMAT = "dwarf-with-dsym";
				ENABLE_NS_ASSERTIONS = NO;
				ENABLE_STRICT_OBJC_MSGSEND = YES;
				GCC_C_LANGUAGE_STANDARD = gnu11;
				GCC_NO_COMMON_BLOCKS = YES;
				GCC_WARN_64_TO_32_BIT_CONVERSION = YES;
				GCC_WARN_ABOUT_RETURN_TYPE = YES_ERROR;
				GCC_WARN_UNDECLARED_SELECTOR = YES;
				GCC_WARN_UNINITIALIZED_AUTOS = YES_AGGRESSIVE;
				GCC_WARN_UNUSED_FUNCTION = YES;
				GCC_WARN_UNUSED_VARIABLE = YES;
				MTL_ENABLE_DEBUG_INFO = NO;
				MTL_FAST_MATH = YES;
				SDKROOT = iphoneos;
				SWIFT_COMPILATION_MODE = wholemodule;
				SWIFT_OPTIMIZATION_LEVEL = "-O";
				VALIDATE_PRODUCT = YES;
			};
			name = Release;
		};
		05493FAA271FD63500A4EBB3 /* Debug */ = {
			isa = XCBuildConfiguration;
			buildSettings = {
				ASSETCATALOG_COMPILER_COMPLICATION_NAME = Complication;
				CODE_SIGN_STYLE = Automatic;
				CURRENT_PROJECT_VERSION = 1;
				DEVELOPMENT_ASSET_PATHS = "\"Notes WatchKit Extension/Preview Content\"";
				DEVELOPMENT_TEAM = 8XHJM3N79V;
				ENABLE_PREVIEWS = YES;
				GENERATE_INFOPLIST_FILE = YES;
				INFOPLIST_FILE = "Notes WatchKit Extension/Info.plist";
				INFOPLIST_KEY_CFBundleDisplayName = "Notes WatchKit Extension";
				INFOPLIST_KEY_CLKComplicationPrincipalClass = "$(PRODUCT_MODULE_NAME).ComplicationController";
				INFOPLIST_KEY_NSHumanReadableCopyright = "";
				INFOPLIST_KEY_WKWatchOnly = YES;
				LD_RUNPATH_SEARCH_PATHS = (
					"$(inherited)",
					"@executable_path/Frameworks",
					"@executable_path/../../Frameworks",
				);
				MARKETING_VERSION = 1.0;
				PRODUCT_BUNDLE_IDENTIFIER = mrtoke.me.Notes.watchkitapp.watchkitextension;
				PRODUCT_NAME = "${TARGET_NAME}";
				SDKROOT = watchos;
				SKIP_INSTALL = YES;
				SWIFT_EMIT_LOC_STRINGS = YES;
				SWIFT_VERSION = 5.0;
				TARGETED_DEVICE_FAMILY = 4;
				WATCHOS_DEPLOYMENT_TARGET = 8.0;
			};
			name = Debug;
		};
		05493FAB271FD63500A4EBB3 /* Release */ = {
			isa = XCBuildConfiguration;
			buildSettings = {
				ASSETCATALOG_COMPILER_COMPLICATION_NAME = Complication;
				CODE_SIGN_STYLE = Automatic;
				CURRENT_PROJECT_VERSION = 1;
				DEVELOPMENT_ASSET_PATHS = "\"Notes WatchKit Extension/Preview Content\"";
				DEVELOPMENT_TEAM = 8XHJM3N79V;
				ENABLE_PREVIEWS = YES;
				GENERATE_INFOPLIST_FILE = YES;
				INFOPLIST_FILE = "Notes WatchKit Extension/Info.plist";
				INFOPLIST_KEY_CFBundleDisplayName = "Notes WatchKit Extension";
				INFOPLIST_KEY_CLKComplicationPrincipalClass = "$(PRODUCT_MODULE_NAME).ComplicationController";
				INFOPLIST_KEY_NSHumanReadableCopyright = "";
				INFOPLIST_KEY_WKWatchOnly = YES;
				LD_RUNPATH_SEARCH_PATHS = (
					"$(inherited)",
					"@executable_path/Frameworks",
					"@executable_path/../../Frameworks",
				);
				MARKETING_VERSION = 1.0;
				PRODUCT_BUNDLE_IDENTIFIER = mrtoke.me.Notes.watchkitapp.watchkitextension;
				PRODUCT_NAME = "${TARGET_NAME}";
				SDKROOT = watchos;
				SKIP_INSTALL = YES;
				SWIFT_EMIT_LOC_STRINGS = YES;
				SWIFT_VERSION = 5.0;
				TARGETED_DEVICE_FAMILY = 4;
				WATCHOS_DEPLOYMENT_TARGET = 8.0;
			};
			name = Release;
		};
		05493FAE271FD63500A4EBB3 /* Debug */ = {
			isa = XCBuildConfiguration;
			buildSettings = {
				ALWAYS_EMBED_SWIFT_STANDARD_LIBRARIES = YES;
				ASSETCATALOG_COMPILER_APPICON_NAME = AppIcon;
				ASSETCATALOG_COMPILER_GLOBAL_ACCENT_COLOR_NAME = AccentColor;
				CODE_SIGN_STYLE = Automatic;
				CURRENT_PROJECT_VERSION = 1;
				DEVELOPMENT_TEAM = 8XHJM3N79V;
				GENERATE_INFOPLIST_FILE = YES;
				IBSC_MODULE = Notes_WatchKit_Extension;
				INFOPLIST_KEY_CFBundleDisplayName = "Notes WatchKit App";
				INFOPLIST_KEY_UISupportedInterfaceOrientations = "UIInterfaceOrientationPortrait UIInterfaceOrientationPortraitUpsideDown";
				MARKETING_VERSION = 1.0;
				PRODUCT_BUNDLE_IDENTIFIER = mrtoke.me.Notes.watchkitapp;
				PRODUCT_NAME = "$(TARGET_NAME)";
				SDKROOT = watchos;
				SKIP_INSTALL = YES;
				SWIFT_EMIT_LOC_STRINGS = YES;
				SWIFT_VERSION = 5.0;
				TARGETED_DEVICE_FAMILY = 4;
				WATCHOS_DEPLOYMENT_TARGET = 8.0;
			};
			name = Debug;
		};
		05493FAF271FD63500A4EBB3 /* Release */ = {
			isa = XCBuildConfiguration;
			buildSettings = {
				ALWAYS_EMBED_SWIFT_STANDARD_LIBRARIES = YES;
				ASSETCATALOG_COMPILER_APPICON_NAME = AppIcon;
				ASSETCATALOG_COMPILER_GLOBAL_ACCENT_COLOR_NAME = AccentColor;
				CODE_SIGN_STYLE = Automatic;
				CURRENT_PROJECT_VERSION = 1;
				DEVELOPMENT_TEAM = 8XHJM3N79V;
				GENERATE_INFOPLIST_FILE = YES;
				IBSC_MODULE = Notes_WatchKit_Extension;
				INFOPLIST_KEY_CFBundleDisplayName = "Notes WatchKit App";
				INFOPLIST_KEY_UISupportedInterfaceOrientations = "UIInterfaceOrientationPortrait UIInterfaceOrientationPortraitUpsideDown";
				MARKETING_VERSION = 1.0;
				PRODUCT_BUNDLE_IDENTIFIER = mrtoke.me.Notes.watchkitapp;
				PRODUCT_NAME = "$(TARGET_NAME)";
				SDKROOT = watchos;
				SKIP_INSTALL = YES;
				SWIFT_EMIT_LOC_STRINGS = YES;
				SWIFT_VERSION = 5.0;
				TARGETED_DEVICE_FAMILY = 4;
				WATCHOS_DEPLOYMENT_TARGET = 8.0;
			};
			name = Release;
		};
		05493FB2271FD63500A4EBB3 /* Debug */ = {
			isa = XCBuildConfiguration;
			buildSettings = {
				CODE_SIGN_STYLE = Automatic;
				CURRENT_PROJECT_VERSION = 1;
				DEVELOPMENT_TEAM = 8XHJM3N79V;
				MARKETING_VERSION = 1.0;
				PRODUCT_BUNDLE_IDENTIFIER = mrtoke.me.Notes;
				PRODUCT_NAME = "$(TARGET_NAME)";
				SWIFT_VERSION = 5.0;
			};
			name = Debug;
		};
		05493FB3271FD63500A4EBB3 /* Release */ = {
			isa = XCBuildConfiguration;
			buildSettings = {
				CODE_SIGN_STYLE = Automatic;
				CURRENT_PROJECT_VERSION = 1;
				DEVELOPMENT_TEAM = 8XHJM3N79V;
				MARKETING_VERSION = 1.0;
				PRODUCT_BUNDLE_IDENTIFIER = mrtoke.me.Notes;
				PRODUCT_NAME = "$(TARGET_NAME)";
				SWIFT_VERSION = 5.0;
			};
			name = Release;
		};
/* End XCBuildConfiguration section */

/* Begin XCConfigurationList section */
		05493F84271FD62B00A4EBB3 /* Build configuration list for PBXProject "Notes" */ = {
			isa = XCConfigurationList;
			buildConfigurations = (
				05493FA7271FD63500A4EBB3 /* Debug */,
				05493FA8271FD63500A4EBB3 /* Release */,
			);
			defaultConfigurationIsVisible = 0;
			defaultConfigurationName = Release;
		};
		05493FA9271FD63500A4EBB3 /* Build configuration list for PBXNativeTarget "Notes WatchKit Extension" */ = {
			isa = XCConfigurationList;
			buildConfigurations = (
				05493FAA271FD63500A4EBB3 /* Debug */,
				05493FAB271FD63500A4EBB3 /* Release */,
			);
			defaultConfigurationIsVisible = 0;
			defaultConfigurationName = Release;
		};
		05493FAD271FD63500A4EBB3 /* Build configuration list for PBXNativeTarget "Notes WatchKit App" */ = {
			isa = XCConfigurationList;
			buildConfigurations = (
				05493FAE271FD63500A4EBB3 /* Debug */,
				05493FAF271FD63500A4EBB3 /* Release */,
			);
			defaultConfigurationIsVisible = 0;
			defaultConfigurationName = Release;
		};
		05493FB1271FD63500A4EBB3 /* Build configuration list for PBXNativeTarget "Notes" */ = {
			isa = XCConfigurationList;
			buildConfigurations = (
				05493FB2271FD63500A4EBB3 /* Debug */,
				05493FB3271FD63500A4EBB3 /* Release */,
			);
			defaultConfigurationIsVisible = 0;
			defaultConfigurationName = Release;
		};
/* End XCConfigurationList section */
	};
	rootObject = 05493F81271FD62B00A4EBB3 /* Project object */;
}
